
Microsoft Visual Studio Solution File, Format Version 12.00
# Visual Studio Version 17
VisualStudioVersion = 17.7.34202.233
MinimumVisualStudioVersion = 10.0.40219.1
Project("{FAE04EC0-301F-11D3-BF4B-00C04F79EFBC}") = "WebAPI", "WebAPI\WebAPI.csproj", "{0ECA05C5-DC46-49AB-9A1F-EE932F00A4EA}"
EndProject
Project("{FAE04EC0-301F-11D3-BF4B-00C04F79EFBC}") = "Maxian_Ionel_Lab11", "Maxian_Ionel_Lab11\Maxian_Ionel_Lab11.csproj", "{479A3867-F80E-4E3D-8ED3-25032F0EDCBF}"
EndProject
Global
	GlobalSection(SolutionConfigurationPlatforms) = preSolution
		Debug|Any CPU = Debug|Any CPU
		Release|Any CPU = Release|Any CPU
	EndGlobalSection
	GlobalSection(ProjectConfigurationPlatforms) = postSolution
		{0ECA05C5-DC46-49AB-9A1F-EE932F00A4EA}.Debug|Any CPU.ActiveCfg = Debug|Any CPU
		{0ECA05C5-DC46-49AB-9A1F-EE932F00A4EA}.Debug|Any CPU.Build.0 = Debug|Any CPU
		{0ECA05C5-DC46-49AB-9A1F-EE932F00A4EA}.Release|Any CPU.ActiveCfg = Release|Any CPU
		{0ECA05C5-DC46-49AB-9A1F-EE932F00A4EA}.Release|Any CPU.Build.0 = Release|Any CPU
		{479A3867-F80E-4E3D-8ED3-25032F0EDCBF}.Debug|Any CPU.ActiveCfg = Debug|Any CPU
		{479A3867-F80E-4E3D-8ED3-25032F0EDCBF}.Debug|Any CPU.Build.0 = Debug|Any CPU
		{479A3867-F80E-4E3D-8ED3-25032F0EDCBF}.Debug|Any CPU.Deploy.0 = Debug|Any CPU
		{479A3867-F80E-4E3D-8ED3-25032F0EDCBF}.Release|Any CPU.ActiveCfg = Release|Any CPU
		{479A3867-F80E-4E3D-8ED3-25032F0EDCBF}.Release|Any CPU.Build.0 = Release|Any CPU
		{479A3867-F80E-4E3D-8ED3-25032F0EDCBF}.Release|Any CPU.Deploy.0 = Release|Any CPU
	EndGlobalSection
	GlobalSection(SolutionProperties) = preSolution
		HideSolutionNode = FALSE
	EndGlobalSection
	GlobalSection(ExtensibilityGlobals) = postSolution
		SolutionGuid = {898C11F9-B0AA-473B-97C8-9B65E198DACB}
	EndGlobalSection
EndGlobal
